
Microsoft Visual Studio Solution File, Format Version 12.00
# Visual Studio Version 16
VisualStudioVersion = 16.0.31112.23
MinimumVisualStudioVersion = 10.0.40219.1
Project("{FAE04EC0-301F-11D3-BF4B-00C04F79EFBC}") = "ChallengeThree", "ChallengeThree\ChallengeThree.csproj", "{DDB525DF-DB45-45EF-A236-CA1B49F6F865}"
EndProject
Global
	GlobalSection(SolutionConfigurationPlatforms) = preSolution
		Debug|Any CPU = Debug|Any CPU
		Release|Any CPU = Release|Any CPU
	EndGlobalSection
	GlobalSection(ProjectConfigurationPlatforms) = postSolution
		{DDB525DF-DB45-45EF-A236-CA1B49F6F865}.Debug|Any CPU.ActiveCfg = Debug|Any CPU
		{DDB525DF-DB45-45EF-A236-CA1B49F6F865}.Debug|Any CPU.Build.0 = Debug|Any CPU
		{DDB525DF-DB45-45EF-A236-CA1B49F6F865}.Release|Any CPU.ActiveCfg = Release|Any CPU
		{DDB525DF-DB45-45EF-A236-CA1B49F6F865}.Release|Any CPU.Build.0 = Release|Any CPU
	EndGlobalSection
	GlobalSection(SolutionProperties) = preSolution
		HideSolutionNode = FALSE
	EndGlobalSection
	GlobalSection(ExtensibilityGlobals) = postSolution
		SolutionGuid = {8C69D861-7BB1-4896-BAE4-B7CE239E6CD3}
	EndGlobalSection
EndGlobal
